
Microsoft Visual Studio Solution File, Format Version 12.00
# Visual Studio 15
VisualStudioVersion = 15.0.28307.136
MinimumVisualStudioVersion = 10.0.40219.1
Project("{FAE04EC0-301F-11D3-BF4B-00C04F79EFBC}") = "SpeechSynthesis", "View\SpeechSynthesis.csproj", "{6DA056AC-8AB7-44AF-BC7A-C7B5B83BC01C}"
EndProject
Project("{FAE04EC0-301F-11D3-BF4B-00C04F79EFBC}") = "Grammar", "Grammar\Grammar.csproj", "{CE898F53-EBDA-47EF-B829-D65797E73161}"
EndProject
Project("{FAE04EC0-301F-11D3-BF4B-00C04F79EFBC}") = "Synthesis", "Synthesis\Synthesis.csproj", "{76F26474-6ADB-4BBA-B74E-ACC0ACA098E2}"
EndProject
Global
	GlobalSection(SolutionConfigurationPlatforms) = preSolution
		Debug|Any CPU = Debug|Any CPU
		Debug|x64 = Debug|x64
		Debug|x86 = Debug|x86
		Release|Any CPU = Release|Any CPU
		Release|x64 = Release|x64
		Release|x86 = Release|x86
	EndGlobalSection
	GlobalSection(ProjectConfigurationPlatforms) = postSolution
		{6DA056AC-8AB7-44AF-BC7A-C7B5B83BC01C}.Debug|Any CPU.ActiveCfg = Debug|Any CPU
		{6DA056AC-8AB7-44AF-BC7A-C7B5B83BC01C}.Debug|Any CPU.Build.0 = Debug|Any CPU
		{6DA056AC-8AB7-44AF-BC7A-C7B5B83BC01C}.Debug|x64.ActiveCfg = Debug|x64
		{6DA056AC-8AB7-44AF-BC7A-C7B5B83BC01C}.Debug|x64.Build.0 = Debug|x64
		{6DA056AC-8AB7-44AF-BC7A-C7B5B83BC01C}.Debug|x86.ActiveCfg = Debug|x86
		{6DA056AC-8AB7-44AF-BC7A-C7B5B83BC01C}.Debug|x86.Build.0 = Debug|x86
		{6DA056AC-8AB7-44AF-BC7A-C7B5B83BC01C}.Release|Any CPU.ActiveCfg = Release|Any CPU
		{6DA056AC-8AB7-44AF-BC7A-C7B5B83BC01C}.Release|Any CPU.Build.0 = Release|Any CPU
		{6DA056AC-8AB7-44AF-BC7A-C7B5B83BC01C}.Release|x64.ActiveCfg = Release|x64
		{6DA056AC-8AB7-44AF-BC7A-C7B5B83BC01C}.Release|x64.Build.0 = Release|x64
		{6DA056AC-8AB7-44AF-BC7A-C7B5B83BC01C}.Release|x86.ActiveCfg = Release|x86
		{6DA056AC-8AB7-44AF-BC7A-C7B5B83BC01C}.Release|x86.Build.0 = Release|x86
		{CE898F53-EBDA-47EF-B829-D65797E73161}.Debug|Any CPU.ActiveCfg = Debug|Any CPU
		{CE898F53-EBDA-47EF-B829-D65797E73161}.Debug|Any CPU.Build.0 = Debug|Any CPU
		{CE898F53-EBDA-47EF-B829-D65797E73161}.Debug|x64.ActiveCfg = Debug|x64
		{CE898F53-EBDA-47EF-B829-D65797E73161}.Debug|x64.Build.0 = Debug|x64
		{CE898F53-EBDA-47EF-B829-D65797E73161}.Debug|x86.ActiveCfg = Debug|x86
		{CE898F53-EBDA-47EF-B829-D65797E73161}.Debug|x86.Build.0 = Debug|x86
		{CE898F53-EBDA-47EF-B829-D65797E73161}.Release|Any CPU.ActiveCfg = Release|Any CPU
		{CE898F53-EBDA-47EF-B829-D65797E73161}.Release|Any CPU.Build.0 = Release|Any CPU
		{CE898F53-EBDA-47EF-B829-D65797E73161}.Release|x64.ActiveCfg = Release|x64
		{CE898F53-EBDA-47EF-B829-D65797E73161}.Release|x64.Build.0 = Release|x64
		{CE898F53-EBDA-47EF-B829-D65797E73161}.Release|x86.ActiveCfg = Release|x86
		{CE898F53-EBDA-47EF-B829-D65797E73161}.Release|x86.Build.0 = Release|x86
		{76F26474-6ADB-4BBA-B74E-ACC0ACA098E2}.Debug|Any CPU.ActiveCfg = Debug|Any CPU
		{76F26474-6ADB-4BBA-B74E-ACC0ACA098E2}.Debug|Any CPU.Build.0 = Debug|Any CPU
		{76F26474-6ADB-4BBA-B74E-ACC0ACA098E2}.Debug|x64.ActiveCfg = Debug|x64
		{76F26474-6ADB-4BBA-B74E-ACC0ACA098E2}.Debug|x64.Build.0 = Debug|x64
		{76F26474-6ADB-4BBA-B74E-ACC0ACA098E2}.Debug|x86.ActiveCfg = Debug|x86
		{76F26474-6ADB-4BBA-B74E-ACC0ACA098E2}.Debug|x86.Build.0 = Debug|x86
		{76F26474-6ADB-4BBA-B74E-ACC0ACA098E2}.Release|Any CPU.ActiveCfg = Release|Any CPU
		{76F26474-6ADB-4BBA-B74E-ACC0ACA098E2}.Release|Any CPU.Build.0 = Release|Any CPU
		{76F26474-6ADB-4BBA-B74E-ACC0ACA098E2}.Release|x64.ActiveCfg = Release|x64
		{76F26474-6ADB-4BBA-B74E-ACC0ACA098E2}.Release|x64.Build.0 = Release|x64
		{76F26474-6ADB-4BBA-B74E-ACC0ACA098E2}.Release|x86.ActiveCfg = Release|x86
		{76F26474-6ADB-4BBA-B74E-ACC0ACA098E2}.Release|x86.Build.0 = Release|x86
	EndGlobalSection
	GlobalSection(SolutionProperties) = preSolution
		HideSolutionNode = FALSE
	EndGlobalSection
	GlobalSection(ExtensibilityGlobals) = postSolution
		SolutionGuid = {4BF42A79-9EBA-4984-9372-0CB64F1DC942}
	EndGlobalSection
EndGlobal
